
Microsoft Visual Studio Solution File, Format Version 12.00
# Visual Studio Version 16
VisualStudioVersion = 16.0.31624.102
MinimumVisualStudioVersion = 10.0.40219.1
Project("{9A19103F-16F7-4668-BE54-9A1E7A4F7556}") = "Ordering.API", "src\Services\Ordering\Ordering.Api\Ordering.API.csproj", "{948AC87B-D04A-4AE8-8420-787F56035D8A}"
EndProject
Project("{2150E333-8FDC-42A3-9474-1A3956D46DE8}") = "src", "src", "{711504CA-7B2A-490A-B3FB-DC6D6B3EF2EA}"
EndProject
Project("{9A19103F-16F7-4668-BE54-9A1E7A4F7556}") = "Ordering.Domain", "src\Services\Ordering\Ordering.Domain\Ordering.Domain.csproj", "{05177909-E3AF-409A-9C8A-770AF015DA6F}"
EndProject
Project("{9A19103F-16F7-4668-BE54-9A1E7A4F7556}") = "Ordering.Infrastructure", "src\Services\Ordering\Ordering.Infrastructure\Ordering.Infrastructure.csproj", "{2BB5ADE0-E074-4B72-9EDD-0CB9A3FAAB1C}"
EndProject
Project("{2150E333-8FDC-42A3-9474-1A3956D46DE8}") = "tests", "tests", "{4E70E73E-050B-408A-A581-41AAD7836FC3}"
EndProject
Project("{9A19103F-16F7-4668-BE54-9A1E7A4F7556}") = "Ordering.Domain.Test", "src\Services\Ordering\Ordering.Domain.Test\Ordering.Domain.Test.csproj", "{F73A987F-9723-406D-AE75-70C242E82D64}"
EndProject
Project("{9A19103F-16F7-4668-BE54-9A1E7A4F7556}") = "Ordering.Infrastructure.Test", "src\Services\Ordering\Ordering.Infrastructure.Test\Ordering.Infrastructure.Test.csproj", "{F0E98566-4125-46C2-9004-BCFC84DC856F}"
EndProject
Project("{9A19103F-16F7-4668-BE54-9A1E7A4F7556}") = "Ordering.FunctionalTests", "src\Services\Ordering\Ordering.FunctionalTests\Ordering.FunctionalTests.csproj", "{62FD4D03-6EB1-458D-9937-3FC7EFAF02D3}"
EndProject
Project("{9A19103F-16F7-4668-BE54-9A1E7A4F7556}") = "Identity.API", "src\Services\Identity\Identity.API\Identity.API.csproj", "{DBA3F3A3-3E63-41A4-ACCE-3D7290A28C2C}"
EndProject
Project("{2150E333-8FDC-42A3-9474-1A3956D46DE8}") = "Ordering", "Ordering", "{F54EBD49-BE0B-4808-8190-04843B3E76B9}"
EndProject
Project("{2150E333-8FDC-42A3-9474-1A3956D46DE8}") = "Identity", "Identity", "{1F61BBF7-28A8-442C-8E72-CB2B763641BE}"
EndProject
Project("{9A19103F-16F7-4668-BE54-9A1E7A4F7556}") = "Identity.Domain", "src\Services\Identity\Identity.Domain\Identity.Domain.csproj", "{177A292E-BB12-4D62-A070-D699A300E79F}"
EndProject
Project("{9A19103F-16F7-4668-BE54-9A1E7A4F7556}") = "Identity.Permissions", "src\Services\Identity\Identity.Permissions\Identity.Permissions.csproj", "{45E5C32D-8928-49CA-AF71-FEB3D488B693}"
EndProject
Project("{9A19103F-16F7-4668-BE54-9A1E7A4F7556}") = "Identity.Tokens", "src\Services\Identity\Identity.Tokens\Identity.Tokens.csproj", "{F9E1FDD5-0155-4A4C-B302-32F79DFCC962}"
EndProject
Project("{9A19103F-16F7-4668-BE54-9A1E7A4F7556}") = "Identity.Infrastructure.MongoDB", "src\Services\Identity\Identity.Infrastructure.MongoDB\Identity.Infrastructure.MongoDB.csproj", "{7A994A64-B42A-4A29-835C-A1404CA73820}"
EndProject
Project("{9A19103F-16F7-4668-BE54-9A1E7A4F7556}") = "Identity.Admin", "src\Services\Identity\Identity.Admin\Identity.Admin.csproj", "{1CCD3249-F80D-484C-B38B-EE7D83C5DA5D}"
EndProject
Project("{9A19103F-16F7-4668-BE54-9A1E7A4F7556}") = "Identity.Shared", "src\Services\Identity\Identity.Shared\Identity.Shared.csproj", "{1AF4046B-23B8-49DA-92C6-4EE2B79E2A04}"
EndProject
Project("{9A19103F-16F7-4668-BE54-9A1E7A4F7556}") = "Identity.Functional.Tests", "src\Services\Identity\Identity.Functional.Tests\Identity.Functional.Tests.csproj", "{CAEF4C21-FECC-4687-87CE-420133706900}"
EndProject
Project("{2150E333-8FDC-42A3-9474-1A3956D46DE8}") = "Solution items", "Solution items", "{E96878B6-E3E7-4999-92D8-48A6D7716911}"
	ProjectSection(SolutionItems) = preProject
		.github\workflows\run-auth-integration-tests.yml = .github\workflows\run-auth-integration-tests.yml
		.github\workflows\run-coverage.yml = .github\workflows\run-coverage.yml
		.github\workflows\runtests.yml = .github\workflows\runtests.yml
	EndProjectSection
EndProject
Project("{FAE04EC0-301F-11D3-BF4B-00C04F79EFBC}") = "HttpClientExtensions", "src\Services\HttpClientExtensions\HttpClientExtensions.csproj", "{E4AE9635-657F-48A9-9EDF-96FA7CEC5AE2}"
EndProject
Project("{FAE04EC0-301F-11D3-BF4B-00C04F79EFBC}") = "Identity.Infrastructure.MongoDB.Test", "src\Services\Identity\Identity.Infrastructure.MongoDB.Test\Identity.Infrastructure.MongoDB.Test.csproj", "{79B4A9EB-D5D7-4255-A181-88335363119C}"
EndProject
Global
	GlobalSection(SolutionConfigurationPlatforms) = preSolution
		Debug|Any CPU = Debug|Any CPU
		Release|Any CPU = Release|Any CPU
	EndGlobalSection
	GlobalSection(ProjectConfigurationPlatforms) = postSolution
		{948AC87B-D04A-4AE8-8420-787F56035D8A}.Debug|Any CPU.ActiveCfg = Debug|Any CPU
		{948AC87B-D04A-4AE8-8420-787F56035D8A}.Debug|Any CPU.Build.0 = Debug|Any CPU
		{948AC87B-D04A-4AE8-8420-787F56035D8A}.Release|Any CPU.ActiveCfg = Release|Any CPU
		{948AC87B-D04A-4AE8-8420-787F56035D8A}.Release|Any CPU.Build.0 = Release|Any CPU
		{05177909-E3AF-409A-9C8A-770AF015DA6F}.Debug|Any CPU.ActiveCfg = Debug|Any CPU
		{05177909-E3AF-409A-9C8A-770AF015DA6F}.Debug|Any CPU.Build.0 = Debug|Any CPU
		{05177909-E3AF-409A-9C8A-770AF015DA6F}.Release|Any CPU.ActiveCfg = Release|Any CPU
		{05177909-E3AF-409A-9C8A-770AF015DA6F}.Release|Any CPU.Build.0 = Release|Any CPU
		{2BB5ADE0-E074-4B72-9EDD-0CB9A3FAAB1C}.Debug|Any CPU.ActiveCfg = Debug|Any CPU
		{2BB5ADE0-E074-4B72-9EDD-0CB9A3FAAB1C}.Debug|Any CPU.Build.0 = Debug|Any CPU
		{2BB5ADE0-E074-4B72-9EDD-0CB9A3FAAB1C}.Release|Any CPU.ActiveCfg = Release|Any CPU
		{2BB5ADE0-E074-4B72-9EDD-0CB9A3FAAB1C}.Release|Any CPU.Build.0 = Release|Any CPU
		{F73A987F-9723-406D-AE75-70C242E82D64}.Debug|Any CPU.ActiveCfg = Debug|Any CPU
		{F73A987F-9723-406D-AE75-70C242E82D64}.Debug|Any CPU.Build.0 = Debug|Any CPU
		{F73A987F-9723-406D-AE75-70C242E82D64}.Release|Any CPU.ActiveCfg = Release|Any CPU
		{F73A987F-9723-406D-AE75-70C242E82D64}.Release|Any CPU.Build.0 = Release|Any CPU
		{F0E98566-4125-46C2-9004-BCFC84DC856F}.Debug|Any CPU.ActiveCfg = Debug|Any CPU
		{F0E98566-4125-46C2-9004-BCFC84DC856F}.Debug|Any CPU.Build.0 = Debug|Any CPU
		{F0E98566-4125-46C2-9004-BCFC84DC856F}.Release|Any CPU.ActiveCfg = Release|Any CPU
		{F0E98566-4125-46C2-9004-BCFC84DC856F}.Release|Any CPU.Build.0 = Release|Any CPU
		{62FD4D03-6EB1-458D-9937-3FC7EFAF02D3}.Debug|Any CPU.ActiveCfg = Debug|Any CPU
		{62FD4D03-6EB1-458D-9937-3FC7EFAF02D3}.Debug|Any CPU.Build.0 = Debug|Any CPU
		{62FD4D03-6EB1-458D-9937-3FC7EFAF02D3}.Release|Any CPU.ActiveCfg = Release|Any CPU
		{62FD4D03-6EB1-458D-9937-3FC7EFAF02D3}.Release|Any CPU.Build.0 = Release|Any CPU
		{DBA3F3A3-3E63-41A4-ACCE-3D7290A28C2C}.Debug|Any CPU.ActiveCfg = Debug|Any CPU
		{DBA3F3A3-3E63-41A4-ACCE-3D7290A28C2C}.Debug|Any CPU.Build.0 = Debug|Any CPU
		{DBA3F3A3-3E63-41A4-ACCE-3D7290A28C2C}.Release|Any CPU.ActiveCfg = Release|Any CPU
		{DBA3F3A3-3E63-41A4-ACCE-3D7290A28C2C}.Release|Any CPU.Build.0 = Release|Any CPU
		{177A292E-BB12-4D62-A070-D699A300E79F}.Debug|Any CPU.ActiveCfg = Debug|Any CPU
		{177A292E-BB12-4D62-A070-D699A300E79F}.Debug|Any CPU.Build.0 = Debug|Any CPU
		{177A292E-BB12-4D62-A070-D699A300E79F}.Release|Any CPU.ActiveCfg = Release|Any CPU
		{177A292E-BB12-4D62-A070-D699A300E79F}.Release|Any CPU.Build.0 = Release|Any CPU
		{45E5C32D-8928-49CA-AF71-FEB3D488B693}.Debug|Any CPU.ActiveCfg = Debug|Any CPU
		{45E5C32D-8928-49CA-AF71-FEB3D488B693}.Debug|Any CPU.Build.0 = Debug|Any CPU
		{45E5C32D-8928-49CA-AF71-FEB3D488B693}.Release|Any CPU.ActiveCfg = Release|Any CPU
		{45E5C32D-8928-49CA-AF71-FEB3D488B693}.Release|Any CPU.Build.0 = Release|Any CPU
		{F9E1FDD5-0155-4A4C-B302-32F79DFCC962}.Debug|Any CPU.ActiveCfg = Debug|Any CPU
		{F9E1FDD5-0155-4A4C-B302-32F79DFCC962}.Debug|Any CPU.Build.0 = Debug|Any CPU
		{F9E1FDD5-0155-4A4C-B302-32F79DFCC962}.Release|Any CPU.ActiveCfg = Release|Any CPU
		{F9E1FDD5-0155-4A4C-B302-32F79DFCC962}.Release|Any CPU.Build.0 = Release|Any CPU
		{7A994A64-B42A-4A29-835C-A1404CA73820}.Debug|Any CPU.ActiveCfg = Debug|Any CPU
		{7A994A64-B42A-4A29-835C-A1404CA73820}.Debug|Any CPU.Build.0 = Debug|Any CPU
		{7A994A64-B42A-4A29-835C-A1404CA73820}.Release|Any CPU.ActiveCfg = Release|Any CPU
		{7A994A64-B42A-4A29-835C-A1404CA73820}.Release|Any CPU.Build.0 = Release|Any CPU
		{1CCD3249-F80D-484C-B38B-EE7D83C5DA5D}.Debug|Any CPU.ActiveCfg = Debug|Any CPU
		{1CCD3249-F80D-484C-B38B-EE7D83C5DA5D}.Debug|Any CPU.Build.0 = Debug|Any CPU
		{1CCD3249-F80D-484C-B38B-EE7D83C5DA5D}.Release|Any CPU.ActiveCfg = Release|Any CPU
		{1CCD3249-F80D-484C-B38B-EE7D83C5DA5D}.Release|Any CPU.Build.0 = Release|Any CPU
		{1AF4046B-23B8-49DA-92C6-4EE2B79E2A04}.Debug|Any CPU.ActiveCfg = Debug|Any CPU
		{1AF4046B-23B8-49DA-92C6-4EE2B79E2A04}.Debug|Any CPU.Build.0 = Debug|Any CPU
		{1AF4046B-23B8-49DA-92C6-4EE2B79E2A04}.Release|Any CPU.ActiveCfg = Release|Any CPU
		{1AF4046B-23B8-49DA-92C6-4EE2B79E2A04}.Release|Any CPU.Build.0 = Release|Any CPU
		{CAEF4C21-FECC-4687-87CE-420133706900}.Debug|Any CPU.ActiveCfg = Debug|Any CPU
		{CAEF4C21-FECC-4687-87CE-420133706900}.Debug|Any CPU.Build.0 = Debug|Any CPU
		{CAEF4C21-FECC-4687-87CE-420133706900}.Release|Any CPU.ActiveCfg = Release|Any CPU
		{CAEF4C21-FECC-4687-87CE-420133706900}.Release|Any CPU.Build.0 = Release|Any CPU
		{E4AE9635-657F-48A9-9EDF-96FA7CEC5AE2}.Debug|Any CPU.ActiveCfg = Debug|Any CPU
		{E4AE9635-657F-48A9-9EDF-96FA7CEC5AE2}.Debug|Any CPU.Build.0 = Debug|Any CPU
		{E4AE9635-657F-48A9-9EDF-96FA7CEC5AE2}.Release|Any CPU.ActiveCfg = Release|Any CPU
		{E4AE9635-657F-48A9-9EDF-96FA7CEC5AE2}.Release|Any CPU.Build.0 = Release|Any CPU
		{79B4A9EB-D5D7-4255-A181-88335363119C}.Debug|Any CPU.ActiveCfg = Debug|Any CPU
		{79B4A9EB-D5D7-4255-A181-88335363119C}.Debug|Any CPU.Build.0 = Debug|Any CPU
		{79B4A9EB-D5D7-4255-A181-88335363119C}.Release|Any CPU.ActiveCfg = Release|Any CPU
		{79B4A9EB-D5D7-4255-A181-88335363119C}.Release|Any CPU.Build.0 = Release|Any CPU
	EndGlobalSection
	GlobalSection(SolutionProperties) = preSolution
		HideSolutionNode = FALSE
	EndGlobalSection
	GlobalSection(NestedProjects) = preSolution
		{948AC87B-D04A-4AE8-8420-787F56035D8A} = {F54EBD49-BE0B-4808-8190-04843B3E76B9}
		{05177909-E3AF-409A-9C8A-770AF015DA6F} = {F54EBD49-BE0B-4808-8190-04843B3E76B9}
		{2BB5ADE0-E074-4B72-9EDD-0CB9A3FAAB1C} = {F54EBD49-BE0B-4808-8190-04843B3E76B9}
		{F73A987F-9723-406D-AE75-70C242E82D64} = {4E70E73E-050B-408A-A581-41AAD7836FC3}
		{F0E98566-4125-46C2-9004-BCFC84DC856F} = {4E70E73E-050B-408A-A581-41AAD7836FC3}
		{62FD4D03-6EB1-458D-9937-3FC7EFAF02D3} = {4E70E73E-050B-408A-A581-41AAD7836FC3}
		{DBA3F3A3-3E63-41A4-ACCE-3D7290A28C2C} = {1F61BBF7-28A8-442C-8E72-CB2B763641BE}
		{F54EBD49-BE0B-4808-8190-04843B3E76B9} = {711504CA-7B2A-490A-B3FB-DC6D6B3EF2EA}
		{1F61BBF7-28A8-442C-8E72-CB2B763641BE} = {711504CA-7B2A-490A-B3FB-DC6D6B3EF2EA}
		{177A292E-BB12-4D62-A070-D699A300E79F} = {1F61BBF7-28A8-442C-8E72-CB2B763641BE}
		{45E5C32D-8928-49CA-AF71-FEB3D488B693} = {1F61BBF7-28A8-442C-8E72-CB2B763641BE}
		{F9E1FDD5-0155-4A4C-B302-32F79DFCC962} = {1F61BBF7-28A8-442C-8E72-CB2B763641BE}
		{7A994A64-B42A-4A29-835C-A1404CA73820} = {1F61BBF7-28A8-442C-8E72-CB2B763641BE}
		{1CCD3249-F80D-484C-B38B-EE7D83C5DA5D} = {1F61BBF7-28A8-442C-8E72-CB2B763641BE}
		{1AF4046B-23B8-49DA-92C6-4EE2B79E2A04} = {1F61BBF7-28A8-442C-8E72-CB2B763641BE}
		{CAEF4C21-FECC-4687-87CE-420133706900} = {4E70E73E-050B-408A-A581-41AAD7836FC3}
		{E4AE9635-657F-48A9-9EDF-96FA7CEC5AE2} = {4E70E73E-050B-408A-A581-41AAD7836FC3}
		{79B4A9EB-D5D7-4255-A181-88335363119C} = {4E70E73E-050B-408A-A581-41AAD7836FC3}
	EndGlobalSection
	GlobalSection(ExtensibilityGlobals) = postSolution
		SolutionGuid = {F8016928-19C4-463D-AB4C-1A92860FA316}
	EndGlobalSection
EndGlobal
